
Microsoft Visual Studio Solution File, Format Version 12.00
# Visual Studio Version 16
VisualStudioVersion = 16.0.31702.278
MinimumVisualStudioVersion = 10.0.40219.1
Project("{FAE04EC0-301F-11D3-BF4B-00C04F79EFBC}") = "TestClientLieferandoSandboxApi", "TestClientLieferandoSandboxApi\TestClientLieferandoSandboxApi.csproj", "{3AD8D94B-E354-43E4-98A6-849918811C17}"
EndProject
Global
	GlobalSection(SolutionConfigurationPlatforms) = preSolution
		Debug|Any CPU = Debug|Any CPU
		Release|Any CPU = Release|Any CPU
	EndGlobalSection
	GlobalSection(ProjectConfigurationPlatforms) = postSolution
		{3AD8D94B-E354-43E4-98A6-849918811C17}.Debug|Any CPU.ActiveCfg = Debug|Any CPU
		{3AD8D94B-E354-43E4-98A6-849918811C17}.Debug|Any CPU.Build.0 = Debug|Any CPU
		{3AD8D94B-E354-43E4-98A6-849918811C17}.Release|Any CPU.ActiveCfg = Release|Any CPU
		{3AD8D94B-E354-43E4-98A6-849918811C17}.Release|Any CPU.Build.0 = Release|Any CPU
	EndGlobalSection
	GlobalSection(SolutionProperties) = preSolution
		HideSolutionNode = FALSE
	EndGlobalSection
	GlobalSection(ExtensibilityGlobals) = postSolution
		SolutionGuid = {99525098-495E-42F5-BF6C-F53F651CFCD2}
	EndGlobalSection
EndGlobal
